
Microsoft Visual Studio Solution File, Format Version 12.00
# Visual Studio Version 17
VisualStudioVersion = 17.3.32819.101
MinimumVisualStudioVersion = 10.0.40219.1
Project("{FAE04EC0-301F-11D3-BF4B-00C04F79EFBC}") = "Assignment_CSharp_Demo_API", "Assignment_CSharp_Demo\Assignment_CSharp_Demo_API.csproj", "{3542AD7D-A6CA-4E35-92E6-C8A8DBD1BE76}"
EndProject
Project("{FAE04EC0-301F-11D3-BF4B-00C04F79EFBC}") = "Data", "Data\Data.csproj", "{686111BF-BEE7-43E4-87DC-4F687D7CC903}"
EndProject
Global
	GlobalSection(SolutionConfigurationPlatforms) = preSolution
		Debug|Any CPU = Debug|Any CPU
		Release|Any CPU = Release|Any CPU
	EndGlobalSection
	GlobalSection(ProjectConfigurationPlatforms) = postSolution
		{3542AD7D-A6CA-4E35-92E6-C8A8DBD1BE76}.Debug|Any CPU.ActiveCfg = Debug|Any CPU
		{3542AD7D-A6CA-4E35-92E6-C8A8DBD1BE76}.Debug|Any CPU.Build.0 = Debug|Any CPU
		{3542AD7D-A6CA-4E35-92E6-C8A8DBD1BE76}.Release|Any CPU.ActiveCfg = Release|Any CPU
		{3542AD7D-A6CA-4E35-92E6-C8A8DBD1BE76}.Release|Any CPU.Build.0 = Release|Any CPU
		{686111BF-BEE7-43E4-87DC-4F687D7CC903}.Debug|Any CPU.ActiveCfg = Debug|Any CPU
		{686111BF-BEE7-43E4-87DC-4F687D7CC903}.Debug|Any CPU.Build.0 = Debug|Any CPU
		{686111BF-BEE7-43E4-87DC-4F687D7CC903}.Release|Any CPU.ActiveCfg = Release|Any CPU
		{686111BF-BEE7-43E4-87DC-4F687D7CC903}.Release|Any CPU.Build.0 = Release|Any CPU
	EndGlobalSection
	GlobalSection(SolutionProperties) = preSolution
		HideSolutionNode = FALSE
	EndGlobalSection
	GlobalSection(ExtensibilityGlobals) = postSolution
		SolutionGuid = {5332B36D-A633-4333-A885-59A3323D68E1}
	EndGlobalSection
EndGlobal
